
Microsoft Visual Studio Solution File, Format Version 12.00
# Visual Studio 15
VisualStudioVersion = 15.0.27428.1
MinimumVisualStudioVersion = 10.0.40219.1
Project("{FAE04EC0-301F-11D3-BF4B-00C04F79EFBC}") = "MyInetShop", "MyInetShop\MyInetShop.csproj", "{D1AC45D5-5BD4-4BD8-BC27-735C6A45AEA2}"
EndProject
Global
	GlobalSection(SolutionConfigurationPlatforms) = preSolution
		Debug|Any CPU = Debug|Any CPU
		Release|Any CPU = Release|Any CPU
	EndGlobalSection
	GlobalSection(ProjectConfigurationPlatforms) = postSolution
		{D1AC45D5-5BD4-4BD8-BC27-735C6A45AEA2}.Debug|Any CPU.ActiveCfg = Debug|Any CPU
		{D1AC45D5-5BD4-4BD8-BC27-735C6A45AEA2}.Debug|Any CPU.Build.0 = Debug|Any CPU
		{D1AC45D5-5BD4-4BD8-BC27-735C6A45AEA2}.Release|Any CPU.ActiveCfg = Release|Any CPU
		{D1AC45D5-5BD4-4BD8-BC27-735C6A45AEA2}.Release|Any CPU.Build.0 = Release|Any CPU
	EndGlobalSection
	GlobalSection(SolutionProperties) = preSolution
		HideSolutionNode = FALSE
	EndGlobalSection
	GlobalSection(ExtensibilityGlobals) = postSolution
		SolutionGuid = {6C34BCD6-7658-427A-ADA6-B4204EF15AAA}
	EndGlobalSection
EndGlobal
